
Microsoft Visual Studio Solution File, Format Version 12.00
# Visual Studio Version 16
VisualStudioVersion = 16.0.30225.117
MinimumVisualStudioVersion = 10.0.40219.1
Project("{FAE04EC0-301F-11D3-BF4B-00C04F79EFBC}") = "WebApplication1", "WebApplication1\WebApplication1.csproj", "{53224268-49A9-4328-AFFF-84841151F432}"
EndProject
Global
	GlobalSection(SolutionConfigurationPlatforms) = preSolution
		Debug|Any CPU = Debug|Any CPU
		Release|Any CPU = Release|Any CPU
	EndGlobalSection
	GlobalSection(ProjectConfigurationPlatforms) = postSolution
		{53224268-49A9-4328-AFFF-84841151F432}.Debug|Any CPU.ActiveCfg = Debug|Any CPU
		{53224268-49A9-4328-AFFF-84841151F432}.Debug|Any CPU.Build.0 = Debug|Any CPU
		{53224268-49A9-4328-AFFF-84841151F432}.Release|Any CPU.ActiveCfg = Release|Any CPU
		{53224268-49A9-4328-AFFF-84841151F432}.Release|Any CPU.Build.0 = Release|Any CPU
	EndGlobalSection
	GlobalSection(SolutionProperties) = preSolution
		HideSolutionNode = FALSE
	EndGlobalSection
	GlobalSection(ExtensibilityGlobals) = postSolution
		SolutionGuid = {D84A4596-AD06-4FF4-9BCB-7BDE92B72909}
	EndGlobalSection
EndGlobal
